<?xml version="1.0" encoding="UTF-8" standalone="yes" ?>
<CodeBlocks_project_file>
	<FileVersion major="1" minor="6" />
	<Project>
		<Option title="SDL_Fractal" />
		<Option pch_mode="2" />
		<Option compiler="gcc" />
		<Build>
			<Target title="Debug">
				<Option output="bin/Debug/SDL_Fractal" prefix_auto="1" extension_auto="1" />
				<Option object_output="obj/Debug/" />
				<Option type="0" />
				<Option compiler="gcc" />
				<Compiler>
					<Add option="-g" />
					<Add directory="C:/lib/SDL-1.2.15/include" />
					<Add directory="C:/lib/SDL_ttf-2.0.11/include" />
					<Add directory="C:/lib/SDL_gfx-2.0.23" />
				</Compiler>
				<Linker>
					<Add library="mingw32" />
					<Add library="SDLmain" />
					<Add library="SDL" />
					<Add library="SDL_ttf" />
					<Add library="SDL_gfx_VS2008" />
					<Add directory="C:/lib/SDL-1.2.15/lib" />
					<Add directory="C:/lib/SDL_ttf-2.0.11/lib/x86" />
					<Add directory="C:/lib/SDL_gfx-2.0.23" />
				</Linker>
			</Target>
			<Target title="Release">
				<Option output="bin/Release/SDL_Fractal" prefix_auto="1" extension_auto="1" />
				<Option object_output="obj/Release/" />
				<Option type="0" />
				<Option compiler="gcc" />
				<Compiler>
					<Add option="-O2" />
				</Compiler>
				<Linker>
					<Add option="-s" />
				</Linker>
			</Target>
		</Build>
		<Compiler>
			<Add option="-march=pentium4" />
			<Add option="-O" />
			<Add option="-Wall" />
		</Compiler>
		<Linker>
			<Add library="mingw32" />
			<Add library="SDLmain" />
			<Add library="SDL" />
			<Add library="SDL_gfx_VS2008" />
			<Add library="SDL_ttf" />
		</Linker>
		<Unit filename="Slider.cpp" />
		<Unit filename="Slider.h" />
		<Unit filename="main.cpp" />
		<Extensions>
			<code_completion />
			<envvars />
			<debugger />
			<lib_finder disable_auto="1" />
		</Extensions>
	</Project>
</CodeBlocks_project_file>
